{
  "name": "socks5",
  "version": "1.0.0",
  "lockfileVersion": 3,
  "requires": true,
  "packages": {
    "": {
      "name": "socks5",
      "version": "1.0.0",
      "license": "ISC",
      "dependencies": {
        "node-socks5-server": "^1.1.0"
      }
    },
    "node_modules/node-socks5-server": {
      "version": "1.1.0",
      "resolved": "https://registry.npmjs.org/node-socks5-server/-/node-socks5-server-1.1.0.tgz",
      "integrity": "sha512-Z6rv7FjW5Mc8Az1ADEXixO0XTasr55w+CtThtXu+rvCtW73tPhljsnJ1nUkgsBZMYl4UJkOzjPWbzrqFm1VrSw==",
      "bin": {
        "node-socks5": "node-socks5.js"
      }
    }
  }
}
